<?xml version="1.0" encoding="utf-8"?>
<Project ToolsVersion="4.0" xmlns="http://schemas.microsoft.com/developer/msbuild/2003">
  <ItemGroup>
    <Filter Include="headers">
      <UniqueIdentifier>{E12E153C-4D0E-94D7-5626-1FAEC284FA38}</UniqueIdentifier>
    </Filter>
    <Filter Include="sources">
      <UniqueIdentifier>{A9EE9AA3-15CE-193F-1EE6-A4158A4480A0}</UniqueIdentifier>
    </Filter>
    <Filter Include="vendor">
      <UniqueIdentifier>{B3738122-9F15-ACF8-88D0-BF4C74113349}</UniqueIdentifier>
    </Filter>
    <Filter Include="vendor\imgui">
      <UniqueIdentifier>{5D3BD0F0-499E-5F95-F223-984BDE652B18}</UniqueIdentifier>
    </Filter>
    <Filter Include="vendor\imgui\backends">
      <UniqueIdentifier>{27CEAEAF-933A-6AAA-5C2E-0208C8598C12}</UniqueIdentifier>
    </Filter>
  </ItemGroup>
  <ItemGroup>
    <ClInclude Include="headers\jade_engine.hpp">
      <Filter>headers</Filter>
    </ClInclude>
    <ClInclude Include="headers\jade_structs.hpp">
      <Filter>headers</Filter>
    </ClInclude>
    <ClInclude Include="headers\vk_camera.hpp">
      <Filter>headers</Filter>
    </ClInclude>
    <ClInclude Include="headers\vk_descriptors.hpp">
      <Filter>headers</Filter>
    </ClInclude>
    <ClInclude Include="headers\vk_engine.hpp">
      <Filter>headers</Filter>
    </ClInclude>
    <ClInclude Include="headers\vk_images.hpp">
      <Filter>headers</Filter>
    </ClInclude>
    <ClInclude Include="headers\vk_initializers.hpp">
      <Filter>headers</Filter>
    </ClInclude>
    <ClInclude Include="headers\vk_loader.hpp">
      <Filter>headers</Filter>
    </ClInclude>
    <ClInclude Include="headers\vk_pipelines.hpp">
      <Filter>headers</Filter>
    </ClInclude>
    <ClInclude Include="headers\vk_transform.hpp">
      <Filter>headers</Filter>
    </ClInclude>
    <ClInclude Include="headers\vk_types.hpp">
      <Filter>headers</Filter>
    </ClInclude>
  </ItemGroup>
  <ItemGroup>
    <ClCompile Include="..\vendor\imgui\backends\imgui_impl_sdl2.cpp">
      <Filter>vendor\imgui\backends</Filter>
    </ClCompile>
    <ClCompile Include="..\vendor\imgui\backends\imgui_impl_vulkan.cpp">
      <Filter>vendor\imgui\backends</Filter>
    </ClCompile>
    <ClCompile Include="sources\jade_engine.cpp">
      <Filter>sources</Filter>
    </ClCompile>
    <ClCompile Include="sources\vk_camera.cpp">
      <Filter>sources</Filter>
    </ClCompile>
    <ClCompile Include="sources\vk_descriptors.cpp">
      <Filter>sources</Filter>
    </ClCompile>
    <ClCompile Include="sources\vk_engine.cpp">
      <Filter>sources</Filter>
    </ClCompile>
    <ClCompile Include="sources\vk_images.cpp">
      <Filter>sources</Filter>
    </ClCompile>
    <ClCompile Include="sources\vk_initializers.cpp">
      <Filter>sources</Filter>
    </ClCompile>
    <ClCompile Include="sources\vk_loader.cpp">
      <Filter>sources</Filter>
    </ClCompile>
    <ClCompile Include="sources\vk_pipelines.cpp">
      <Filter>sources</Filter>
    </ClCompile>
    <ClCompile Include="sources\vk_transform.cpp">
      <Filter>sources</Filter>
    </ClCompile>
  </ItemGroup>
</Project>